
Microsoft Visual Studio Solution File, Format Version 12.00
# Visual Studio Version 17
VisualStudioVersion = 17.14.36109.1 d17.14
MinimumVisualStudioVersion = 10.0.40219.1
Project("{FAE04EC0-301F-11D3-BF4B-00C04F79EFBC}") = "TradingTerminal", "TradingTerminal.csproj", "{41ABEC1E-C94E-438A-A3D7-61881E786B91}"
EndProject
Global
	GlobalSection(SolutionConfigurationPlatforms) = preSolution
		Debug|Any CPU = Debug|Any CPU
		Release|Any CPU = Release|Any CPU
	EndGlobalSection
	GlobalSection(ProjectConfigurationPlatforms) = postSolution
		{41ABEC1E-C94E-438A-A3D7-61881E786B91}.Debug|Any CPU.ActiveCfg = Debug|Any CPU
		{41ABEC1E-C94E-438A-A3D7-61881E786B91}.Debug|Any CPU.Build.0 = Debug|Any CPU
		{41ABEC1E-C94E-438A-A3D7-61881E786B91}.Release|Any CPU.ActiveCfg = Release|Any CPU
		{41ABEC1E-C94E-438A-A3D7-61881E786B91}.Release|Any CPU.Build.0 = Release|Any CPU
	EndGlobalSection
	GlobalSection(SolutionProperties) = preSolution
		HideSolutionNode = FALSE
	EndGlobalSection
	GlobalSection(ExtensibilityGlobals) = postSolution
		SolutionGuid = {EDF919BA-ED15-4545-9370-77404F9097B5}
	EndGlobalSection
EndGlobal
